
Microsoft Visual Studio Solution File, Format Version 12.00
# Visual Studio Version 16
VisualStudioVersion = 16.0.30611.23
MinimumVisualStudioVersion = 10.0.40219.1
Project("{FAE04EC0-301F-11D3-BF4B-00C04F79EFBC}") = "DesktopAlgorandApp", "DesktopAlgorandApp\DesktopAlgorandApp.csproj", "{73FA8F6B-B118-4F3A-A994-FF3374CF5B01}"
EndProject
Global
	GlobalSection(SolutionConfigurationPlatforms) = preSolution
		Debug|Any CPU = Debug|Any CPU
		Release|Any CPU = Release|Any CPU
	EndGlobalSection
	GlobalSection(ProjectConfigurationPlatforms) = postSolution
		{73FA8F6B-B118-4F3A-A994-FF3374CF5B01}.Debug|Any CPU.ActiveCfg = Debug|Any CPU
		{73FA8F6B-B118-4F3A-A994-FF3374CF5B01}.Debug|Any CPU.Build.0 = Debug|Any CPU
		{73FA8F6B-B118-4F3A-A994-FF3374CF5B01}.Release|Any CPU.ActiveCfg = Release|Any CPU
		{73FA8F6B-B118-4F3A-A994-FF3374CF5B01}.Release|Any CPU.Build.0 = Release|Any CPU
	EndGlobalSection
	GlobalSection(SolutionProperties) = preSolution
		HideSolutionNode = FALSE
	EndGlobalSection
	GlobalSection(ExtensibilityGlobals) = postSolution
		SolutionGuid = {79FC5AB4-02B0-44A5-80A6-70F94B31DC64}
	EndGlobalSection
EndGlobal
